
Microsoft Visual Studio Solution File, Format Version 12.00
# Visual Studio Version 16
VisualStudioVersion = 16.0.29503.13
MinimumVisualStudioVersion = 10.0.40219.1
Project("{9A19103F-16F7-4668-BE54-9A1E7A4F7556}") = "fuelApi", "fuel\fuelApi.csproj", "{0FB60A4A-D44E-4270-94E1-241BE9620B9E}"
EndProject
Project("{9A19103F-16F7-4668-BE54-9A1E7A4F7556}") = "admin", "admin\admin.csproj", "{58E32A92-7B62-4BF2-A41C-91CBAD03492B}"
EndProject
Global
	GlobalSection(SolutionConfigurationPlatforms) = preSolution
		Debug|Any CPU = Debug|Any CPU
		Release|Any CPU = Release|Any CPU
	EndGlobalSection
	GlobalSection(ProjectConfigurationPlatforms) = postSolution
		{0FB60A4A-D44E-4270-94E1-241BE9620B9E}.Debug|Any CPU.ActiveCfg = Debug|Any CPU
		{0FB60A4A-D44E-4270-94E1-241BE9620B9E}.Debug|Any CPU.Build.0 = Debug|Any CPU
		{0FB60A4A-D44E-4270-94E1-241BE9620B9E}.Release|Any CPU.ActiveCfg = Release|Any CPU
		{0FB60A4A-D44E-4270-94E1-241BE9620B9E}.Release|Any CPU.Build.0 = Release|Any CPU
		{58E32A92-7B62-4BF2-A41C-91CBAD03492B}.Debug|Any CPU.ActiveCfg = Debug|Any CPU
		{58E32A92-7B62-4BF2-A41C-91CBAD03492B}.Debug|Any CPU.Build.0 = Debug|Any CPU
		{58E32A92-7B62-4BF2-A41C-91CBAD03492B}.Release|Any CPU.ActiveCfg = Release|Any CPU
		{58E32A92-7B62-4BF2-A41C-91CBAD03492B}.Release|Any CPU.Build.0 = Release|Any CPU
	EndGlobalSection
	GlobalSection(SolutionProperties) = preSolution
		HideSolutionNode = FALSE
	EndGlobalSection
	GlobalSection(ExtensibilityGlobals) = postSolution
		SolutionGuid = {24AA01A2-1B3D-4A35-AB52-759894AD7927}
	EndGlobalSection
EndGlobal
